
Microsoft Visual Studio Solution File, Format Version 12.00
# Visual Studio 15
VisualStudioVersion = 15.0.27703.2035
MinimumVisualStudioVersion = 10.0.40219.1
Project("{FAE04EC0-301F-11D3-BF4B-00C04F79EFBC}") = "organ", "organ\organ.csproj", "{14D0E495-1E44-4DA8-A2F6-CC02CADA0F5E}"
EndProject
Global
	GlobalSection(SolutionConfigurationPlatforms) = preSolution
		Debug|Any CPU = Debug|Any CPU
		Release|Any CPU = Release|Any CPU
	EndGlobalSection
	GlobalSection(ProjectConfigurationPlatforms) = postSolution
		{14D0E495-1E44-4DA8-A2F6-CC02CADA0F5E}.Debug|Any CPU.ActiveCfg = Debug|Any CPU
		{14D0E495-1E44-4DA8-A2F6-CC02CADA0F5E}.Debug|Any CPU.Build.0 = Debug|Any CPU
		{14D0E495-1E44-4DA8-A2F6-CC02CADA0F5E}.Release|Any CPU.ActiveCfg = Release|Any CPU
		{14D0E495-1E44-4DA8-A2F6-CC02CADA0F5E}.Release|Any CPU.Build.0 = Release|Any CPU
	EndGlobalSection
	GlobalSection(SolutionProperties) = preSolution
		HideSolutionNode = FALSE
	EndGlobalSection
	GlobalSection(ExtensibilityGlobals) = postSolution
		SolutionGuid = {5BF968EF-348A-4B22-873C-607327A7469D}
	EndGlobalSection
EndGlobal
